
Microsoft Visual Studio Solution File, Format Version 12.00
# Visual Studio 15
VisualStudioVersion = 15.0.26124.0
MinimumVisualStudioVersion = 15.0.26124.0
Project("{FAE04EC0-301F-11D3-BF4B-00C04F79EFBC}") = "Digger.Classic", "Digger.Classic\Digger.Classic.csproj", "{282EF1AC-631D-4A70-8AB4-8D54DCE72251}"
EndProject
Project("{FAE04EC0-301F-11D3-BF4B-00C04F79EFBC}") = "Digger.API", "Digger.API\Digger.API.csproj", "{3E6D78E3-4DF6-4309-AE77-6315D135ABF2}"
EndProject
Project("{FAE04EC0-301F-11D3-BF4B-00C04F79EFBC}") = "Digger.WinForms", "Digger.WinForms\Digger.WinForms.csproj", "{D3055CA3-F544-43D3-8CB8-0BCD014F1D7B}"
EndProject
Project("{FAE04EC0-301F-11D3-BF4B-00C04F79EFBC}") = "Digger.GtkSharp", "Digger.GtkSharp\Digger.GtkSharp.csproj", "{47D1B604-F916-44BE-9938-BC00168669BC}"
EndProject
Global
	GlobalSection(SolutionConfigurationPlatforms) = preSolution
		Debug|Any CPU = Debug|Any CPU
		Debug|x64 = Debug|x64
		Debug|x86 = Debug|x86
		Release|Any CPU = Release|Any CPU
		Release|x64 = Release|x64
		Release|x86 = Release|x86
	EndGlobalSection
	GlobalSection(SolutionProperties) = preSolution
		HideSolutionNode = FALSE
	EndGlobalSection
	GlobalSection(ProjectConfigurationPlatforms) = postSolution
		{282EF1AC-631D-4A70-8AB4-8D54DCE72251}.Debug|Any CPU.ActiveCfg = Debug|Any CPU
		{282EF1AC-631D-4A70-8AB4-8D54DCE72251}.Debug|Any CPU.Build.0 = Debug|Any CPU
		{282EF1AC-631D-4A70-8AB4-8D54DCE72251}.Debug|x64.ActiveCfg = Debug|Any CPU
		{282EF1AC-631D-4A70-8AB4-8D54DCE72251}.Debug|x64.Build.0 = Debug|Any CPU
		{282EF1AC-631D-4A70-8AB4-8D54DCE72251}.Debug|x86.ActiveCfg = Debug|Any CPU
		{282EF1AC-631D-4A70-8AB4-8D54DCE72251}.Debug|x86.Build.0 = Debug|Any CPU
		{282EF1AC-631D-4A70-8AB4-8D54DCE72251}.Release|Any CPU.ActiveCfg = Release|Any CPU
		{282EF1AC-631D-4A70-8AB4-8D54DCE72251}.Release|Any CPU.Build.0 = Release|Any CPU
		{282EF1AC-631D-4A70-8AB4-8D54DCE72251}.Release|x64.ActiveCfg = Release|Any CPU
		{282EF1AC-631D-4A70-8AB4-8D54DCE72251}.Release|x64.Build.0 = Release|Any CPU
		{282EF1AC-631D-4A70-8AB4-8D54DCE72251}.Release|x86.ActiveCfg = Release|Any CPU
		{282EF1AC-631D-4A70-8AB4-8D54DCE72251}.Release|x86.Build.0 = Release|Any CPU
		{3E6D78E3-4DF6-4309-AE77-6315D135ABF2}.Debug|Any CPU.ActiveCfg = Debug|Any CPU
		{3E6D78E3-4DF6-4309-AE77-6315D135ABF2}.Debug|Any CPU.Build.0 = Debug|Any CPU
		{3E6D78E3-4DF6-4309-AE77-6315D135ABF2}.Debug|x64.ActiveCfg = Debug|Any CPU
		{3E6D78E3-4DF6-4309-AE77-6315D135ABF2}.Debug|x64.Build.0 = Debug|Any CPU
		{3E6D78E3-4DF6-4309-AE77-6315D135ABF2}.Debug|x86.ActiveCfg = Debug|Any CPU
		{3E6D78E3-4DF6-4309-AE77-6315D135ABF2}.Debug|x86.Build.0 = Debug|Any CPU
		{3E6D78E3-4DF6-4309-AE77-6315D135ABF2}.Release|Any CPU.ActiveCfg = Release|Any CPU
		{3E6D78E3-4DF6-4309-AE77-6315D135ABF2}.Release|Any CPU.Build.0 = Release|Any CPU
		{3E6D78E3-4DF6-4309-AE77-6315D135ABF2}.Release|x64.ActiveCfg = Release|Any CPU
		{3E6D78E3-4DF6-4309-AE77-6315D135ABF2}.Release|x64.Build.0 = Release|Any CPU
		{3E6D78E3-4DF6-4309-AE77-6315D135ABF2}.Release|x86.ActiveCfg = Release|Any CPU
		{3E6D78E3-4DF6-4309-AE77-6315D135ABF2}.Release|x86.Build.0 = Release|Any CPU
		{D3055CA3-F544-43D3-8CB8-0BCD014F1D7B}.Debug|Any CPU.ActiveCfg = Debug|Any CPU
		{D3055CA3-F544-43D3-8CB8-0BCD014F1D7B}.Debug|Any CPU.Build.0 = Debug|Any CPU
		{D3055CA3-F544-43D3-8CB8-0BCD014F1D7B}.Debug|x64.ActiveCfg = Debug|Any CPU
		{D3055CA3-F544-43D3-8CB8-0BCD014F1D7B}.Debug|x64.Build.0 = Debug|Any CPU
		{D3055CA3-F544-43D3-8CB8-0BCD014F1D7B}.Debug|x86.ActiveCfg = Debug|Any CPU
		{D3055CA3-F544-43D3-8CB8-0BCD014F1D7B}.Debug|x86.Build.0 = Debug|Any CPU
		{D3055CA3-F544-43D3-8CB8-0BCD014F1D7B}.Release|Any CPU.ActiveCfg = Release|Any CPU
		{D3055CA3-F544-43D3-8CB8-0BCD014F1D7B}.Release|Any CPU.Build.0 = Release|Any CPU
		{D3055CA3-F544-43D3-8CB8-0BCD014F1D7B}.Release|x64.ActiveCfg = Release|Any CPU
		{D3055CA3-F544-43D3-8CB8-0BCD014F1D7B}.Release|x64.Build.0 = Release|Any CPU
		{D3055CA3-F544-43D3-8CB8-0BCD014F1D7B}.Release|x86.ActiveCfg = Release|Any CPU
		{D3055CA3-F544-43D3-8CB8-0BCD014F1D7B}.Release|x86.Build.0 = Release|Any CPU
		{47D1B604-F916-44BE-9938-BC00168669BC}.Debug|Any CPU.ActiveCfg = Debug|Any CPU
		{47D1B604-F916-44BE-9938-BC00168669BC}.Debug|Any CPU.Build.0 = Debug|Any CPU
		{47D1B604-F916-44BE-9938-BC00168669BC}.Debug|x64.ActiveCfg = Debug|Any CPU
		{47D1B604-F916-44BE-9938-BC00168669BC}.Debug|x64.Build.0 = Debug|Any CPU
		{47D1B604-F916-44BE-9938-BC00168669BC}.Debug|x86.ActiveCfg = Debug|Any CPU
		{47D1B604-F916-44BE-9938-BC00168669BC}.Debug|x86.Build.0 = Debug|Any CPU
		{47D1B604-F916-44BE-9938-BC00168669BC}.Release|Any CPU.ActiveCfg = Release|Any CPU
		{47D1B604-F916-44BE-9938-BC00168669BC}.Release|Any CPU.Build.0 = Release|Any CPU
		{47D1B604-F916-44BE-9938-BC00168669BC}.Release|x64.ActiveCfg = Release|Any CPU
		{47D1B604-F916-44BE-9938-BC00168669BC}.Release|x64.Build.0 = Release|Any CPU
		{47D1B604-F916-44BE-9938-BC00168669BC}.Release|x86.ActiveCfg = Release|Any CPU
		{47D1B604-F916-44BE-9938-BC00168669BC}.Release|x86.Build.0 = Release|Any CPU
	EndGlobalSection
EndGlobal
