
Microsoft Visual Studio Solution File, Format Version 12.00
# Visual Studio Version 16
VisualStudioVersion = 16.0.30517.126
MinimumVisualStudioVersion = 10.0.40219.1
Project("{FAE04EC0-301F-11D3-BF4B-00C04F79EFBC}") = "Digger.Android", "Digger.Android\Digger.Android.csproj", "{6993BBEA-99FB-41F8-B106-6BCF200A1520}"
EndProject
Project("{FAE04EC0-301F-11D3-BF4B-00C04F79EFBC}") = "Digger.Xamarin", "Digger.Xamarin\Digger.Xamarin.csproj", "{AC7F857D-7CC5-4E49-89D6-26C42DF61FE8}"
EndProject
Project("{9A19103F-16F7-4668-BE54-9A1E7A4F7556}") = "Digger.Classic", "Digger.Classic\Digger.Classic.csproj", "{8E222213-561C-4D73-B115-9969858E44CC}"
EndProject
Project("{9A19103F-16F7-4668-BE54-9A1E7A4F7556}") = "Digger.API", "Digger.API\Digger.API.csproj", "{C73BDCC8-677C-4EC8-97F7-2995D7C6C22B}"
EndProject
Project("{FAE04EC0-301F-11D3-BF4B-00C04F79EFBC}") = "Digger.iOS", "Digger.iOS\Digger.iOS.csproj", "{A146B702-6A7C-4E22-A050-3288AC6509D6}"
EndProject
Global
	GlobalSection(SolutionConfigurationPlatforms) = preSolution
		Debug|Any CPU = Debug|Any CPU
		Debug|ARM = Debug|ARM
		Debug|iPhone = Debug|iPhone
		Debug|iPhoneSimulator = Debug|iPhoneSimulator
		Debug|x64 = Debug|x64
		Debug|x86 = Debug|x86
		Release|Any CPU = Release|Any CPU
		Release|ARM = Release|ARM
		Release|iPhone = Release|iPhone
		Release|iPhoneSimulator = Release|iPhoneSimulator
		Release|x64 = Release|x64
		Release|x86 = Release|x86
	EndGlobalSection
	GlobalSection(ProjectConfigurationPlatforms) = postSolution
		{6993BBEA-99FB-41F8-B106-6BCF200A1520}.Debug|Any CPU.ActiveCfg = Debug|Any CPU
		{6993BBEA-99FB-41F8-B106-6BCF200A1520}.Debug|Any CPU.Build.0 = Debug|Any CPU
		{6993BBEA-99FB-41F8-B106-6BCF200A1520}.Debug|Any CPU.Deploy.0 = Debug|Any CPU
		{6993BBEA-99FB-41F8-B106-6BCF200A1520}.Debug|ARM.ActiveCfg = Debug|Any CPU
		{6993BBEA-99FB-41F8-B106-6BCF200A1520}.Debug|ARM.Build.0 = Debug|Any CPU
		{6993BBEA-99FB-41F8-B106-6BCF200A1520}.Debug|ARM.Deploy.0 = Debug|Any CPU
		{6993BBEA-99FB-41F8-B106-6BCF200A1520}.Debug|iPhone.ActiveCfg = Debug|Any CPU
		{6993BBEA-99FB-41F8-B106-6BCF200A1520}.Debug|iPhone.Build.0 = Debug|Any CPU
		{6993BBEA-99FB-41F8-B106-6BCF200A1520}.Debug|iPhone.Deploy.0 = Debug|Any CPU
		{6993BBEA-99FB-41F8-B106-6BCF200A1520}.Debug|iPhoneSimulator.ActiveCfg = Debug|Any CPU
		{6993BBEA-99FB-41F8-B106-6BCF200A1520}.Debug|iPhoneSimulator.Build.0 = Debug|Any CPU
		{6993BBEA-99FB-41F8-B106-6BCF200A1520}.Debug|iPhoneSimulator.Deploy.0 = Debug|Any CPU
		{6993BBEA-99FB-41F8-B106-6BCF200A1520}.Debug|x64.ActiveCfg = Debug|Any CPU
		{6993BBEA-99FB-41F8-B106-6BCF200A1520}.Debug|x64.Build.0 = Debug|Any CPU
		{6993BBEA-99FB-41F8-B106-6BCF200A1520}.Debug|x64.Deploy.0 = Debug|Any CPU
		{6993BBEA-99FB-41F8-B106-6BCF200A1520}.Debug|x86.ActiveCfg = Debug|Any CPU
		{6993BBEA-99FB-41F8-B106-6BCF200A1520}.Debug|x86.Build.0 = Debug|Any CPU
		{6993BBEA-99FB-41F8-B106-6BCF200A1520}.Debug|x86.Deploy.0 = Debug|Any CPU
		{6993BBEA-99FB-41F8-B106-6BCF200A1520}.Release|Any CPU.ActiveCfg = Release|Any CPU
		{6993BBEA-99FB-41F8-B106-6BCF200A1520}.Release|Any CPU.Build.0 = Release|Any CPU
		{6993BBEA-99FB-41F8-B106-6BCF200A1520}.Release|Any CPU.Deploy.0 = Release|Any CPU
		{6993BBEA-99FB-41F8-B106-6BCF200A1520}.Release|ARM.ActiveCfg = Release|Any CPU
		{6993BBEA-99FB-41F8-B106-6BCF200A1520}.Release|ARM.Build.0 = Release|Any CPU
		{6993BBEA-99FB-41F8-B106-6BCF200A1520}.Release|ARM.Deploy.0 = Release|Any CPU
		{6993BBEA-99FB-41F8-B106-6BCF200A1520}.Release|iPhone.ActiveCfg = Release|Any CPU
		{6993BBEA-99FB-41F8-B106-6BCF200A1520}.Release|iPhone.Build.0 = Release|Any CPU
		{6993BBEA-99FB-41F8-B106-6BCF200A1520}.Release|iPhone.Deploy.0 = Release|Any CPU
		{6993BBEA-99FB-41F8-B106-6BCF200A1520}.Release|iPhoneSimulator.ActiveCfg = Release|Any CPU
		{6993BBEA-99FB-41F8-B106-6BCF200A1520}.Release|iPhoneSimulator.Build.0 = Release|Any CPU
		{6993BBEA-99FB-41F8-B106-6BCF200A1520}.Release|iPhoneSimulator.Deploy.0 = Release|Any CPU
		{6993BBEA-99FB-41F8-B106-6BCF200A1520}.Release|x64.ActiveCfg = Release|Any CPU
		{6993BBEA-99FB-41F8-B106-6BCF200A1520}.Release|x64.Build.0 = Release|Any CPU
		{6993BBEA-99FB-41F8-B106-6BCF200A1520}.Release|x64.Deploy.0 = Release|Any CPU
		{6993BBEA-99FB-41F8-B106-6BCF200A1520}.Release|x86.ActiveCfg = Release|Any CPU
		{6993BBEA-99FB-41F8-B106-6BCF200A1520}.Release|x86.Build.0 = Release|Any CPU
		{6993BBEA-99FB-41F8-B106-6BCF200A1520}.Release|x86.Deploy.0 = Release|Any CPU
		{AC7F857D-7CC5-4E49-89D6-26C42DF61FE8}.Debug|Any CPU.ActiveCfg = Debug|Any CPU
		{AC7F857D-7CC5-4E49-89D6-26C42DF61FE8}.Debug|Any CPU.Build.0 = Debug|Any CPU
		{AC7F857D-7CC5-4E49-89D6-26C42DF61FE8}.Debug|Any CPU.Deploy.0 = Debug|Any CPU
		{AC7F857D-7CC5-4E49-89D6-26C42DF61FE8}.Debug|ARM.ActiveCfg = Debug|Any CPU
		{AC7F857D-7CC5-4E49-89D6-26C42DF61FE8}.Debug|ARM.Build.0 = Debug|Any CPU
		{AC7F857D-7CC5-4E49-89D6-26C42DF61FE8}.Debug|ARM.Deploy.0 = Debug|Any CPU
		{AC7F857D-7CC5-4E49-89D6-26C42DF61FE8}.Debug|iPhone.ActiveCfg = Debug|Any CPU
		{AC7F857D-7CC5-4E49-89D6-26C42DF61FE8}.Debug|iPhone.Build.0 = Debug|Any CPU
		{AC7F857D-7CC5-4E49-89D6-26C42DF61FE8}.Debug|iPhone.Deploy.0 = Debug|Any CPU
		{AC7F857D-7CC5-4E49-89D6-26C42DF61FE8}.Debug|iPhoneSimulator.ActiveCfg = Debug|Any CPU
		{AC7F857D-7CC5-4E49-89D6-26C42DF61FE8}.Debug|iPhoneSimulator.Build.0 = Debug|Any CPU
		{AC7F857D-7CC5-4E49-89D6-26C42DF61FE8}.Debug|iPhoneSimulator.Deploy.0 = Debug|Any CPU
		{AC7F857D-7CC5-4E49-89D6-26C42DF61FE8}.Debug|x64.ActiveCfg = Debug|Any CPU
		{AC7F857D-7CC5-4E49-89D6-26C42DF61FE8}.Debug|x64.Build.0 = Debug|Any CPU
		{AC7F857D-7CC5-4E49-89D6-26C42DF61FE8}.Debug|x64.Deploy.0 = Debug|Any CPU
		{AC7F857D-7CC5-4E49-89D6-26C42DF61FE8}.Debug|x86.ActiveCfg = Debug|Any CPU
		{AC7F857D-7CC5-4E49-89D6-26C42DF61FE8}.Debug|x86.Build.0 = Debug|Any CPU
		{AC7F857D-7CC5-4E49-89D6-26C42DF61FE8}.Debug|x86.Deploy.0 = Debug|Any CPU
		{AC7F857D-7CC5-4E49-89D6-26C42DF61FE8}.Release|Any CPU.ActiveCfg = Release|Any CPU
		{AC7F857D-7CC5-4E49-89D6-26C42DF61FE8}.Release|Any CPU.Build.0 = Release|Any CPU
		{AC7F857D-7CC5-4E49-89D6-26C42DF61FE8}.Release|Any CPU.Deploy.0 = Release|Any CPU
		{AC7F857D-7CC5-4E49-89D6-26C42DF61FE8}.Release|ARM.ActiveCfg = Release|Any CPU
		{AC7F857D-7CC5-4E49-89D6-26C42DF61FE8}.Release|ARM.Build.0 = Release|Any CPU
		{AC7F857D-7CC5-4E49-89D6-26C42DF61FE8}.Release|ARM.Deploy.0 = Release|Any CPU
		{AC7F857D-7CC5-4E49-89D6-26C42DF61FE8}.Release|iPhone.ActiveCfg = Release|Any CPU
		{AC7F857D-7CC5-4E49-89D6-26C42DF61FE8}.Release|iPhone.Build.0 = Release|Any CPU
		{AC7F857D-7CC5-4E49-89D6-26C42DF61FE8}.Release|iPhone.Deploy.0 = Release|Any CPU
		{AC7F857D-7CC5-4E49-89D6-26C42DF61FE8}.Release|iPhoneSimulator.ActiveCfg = Release|Any CPU
		{AC7F857D-7CC5-4E49-89D6-26C42DF61FE8}.Release|iPhoneSimulator.Build.0 = Release|Any CPU
		{AC7F857D-7CC5-4E49-89D6-26C42DF61FE8}.Release|iPhoneSimulator.Deploy.0 = Release|Any CPU
		{AC7F857D-7CC5-4E49-89D6-26C42DF61FE8}.Release|x64.ActiveCfg = Release|Any CPU
		{AC7F857D-7CC5-4E49-89D6-26C42DF61FE8}.Release|x64.Build.0 = Release|Any CPU
		{AC7F857D-7CC5-4E49-89D6-26C42DF61FE8}.Release|x64.Deploy.0 = Release|Any CPU
		{AC7F857D-7CC5-4E49-89D6-26C42DF61FE8}.Release|x86.ActiveCfg = Release|Any CPU
		{AC7F857D-7CC5-4E49-89D6-26C42DF61FE8}.Release|x86.Build.0 = Release|Any CPU
		{AC7F857D-7CC5-4E49-89D6-26C42DF61FE8}.Release|x86.Deploy.0 = Release|Any CPU
		{8E222213-561C-4D73-B115-9969858E44CC}.Debug|Any CPU.ActiveCfg = Debug|Any CPU
		{8E222213-561C-4D73-B115-9969858E44CC}.Debug|Any CPU.Build.0 = Debug|Any CPU
		{8E222213-561C-4D73-B115-9969858E44CC}.Debug|ARM.ActiveCfg = Debug|Any CPU
		{8E222213-561C-4D73-B115-9969858E44CC}.Debug|ARM.Build.0 = Debug|Any CPU
		{8E222213-561C-4D73-B115-9969858E44CC}.Debug|iPhone.ActiveCfg = Debug|Any CPU
		{8E222213-561C-4D73-B115-9969858E44CC}.Debug|iPhone.Build.0 = Debug|Any CPU
		{8E222213-561C-4D73-B115-9969858E44CC}.Debug|iPhoneSimulator.ActiveCfg = Debug|Any CPU
		{8E222213-561C-4D73-B115-9969858E44CC}.Debug|iPhoneSimulator.Build.0 = Debug|Any CPU
		{8E222213-561C-4D73-B115-9969858E44CC}.Debug|x64.ActiveCfg = Debug|Any CPU
		{8E222213-561C-4D73-B115-9969858E44CC}.Debug|x64.Build.0 = Debug|Any CPU
		{8E222213-561C-4D73-B115-9969858E44CC}.Debug|x86.ActiveCfg = Debug|Any CPU
		{8E222213-561C-4D73-B115-9969858E44CC}.Debug|x86.Build.0 = Debug|Any CPU
		{8E222213-561C-4D73-B115-9969858E44CC}.Release|Any CPU.ActiveCfg = Release|Any CPU
		{8E222213-561C-4D73-B115-9969858E44CC}.Release|Any CPU.Build.0 = Release|Any CPU
		{8E222213-561C-4D73-B115-9969858E44CC}.Release|ARM.ActiveCfg = Release|Any CPU
		{8E222213-561C-4D73-B115-9969858E44CC}.Release|ARM.Build.0 = Release|Any CPU
		{8E222213-561C-4D73-B115-9969858E44CC}.Release|iPhone.ActiveCfg = Release|Any CPU
		{8E222213-561C-4D73-B115-9969858E44CC}.Release|iPhone.Build.0 = Release|Any CPU
		{8E222213-561C-4D73-B115-9969858E44CC}.Release|iPhoneSimulator.ActiveCfg = Release|Any CPU
		{8E222213-561C-4D73-B115-9969858E44CC}.Release|iPhoneSimulator.Build.0 = Release|Any CPU
		{8E222213-561C-4D73-B115-9969858E44CC}.Release|x64.ActiveCfg = Release|Any CPU
		{8E222213-561C-4D73-B115-9969858E44CC}.Release|x64.Build.0 = Release|Any CPU
		{8E222213-561C-4D73-B115-9969858E44CC}.Release|x86.ActiveCfg = Release|Any CPU
		{8E222213-561C-4D73-B115-9969858E44CC}.Release|x86.Build.0 = Release|Any CPU
		{C73BDCC8-677C-4EC8-97F7-2995D7C6C22B}.Debug|Any CPU.ActiveCfg = Debug|Any CPU
		{C73BDCC8-677C-4EC8-97F7-2995D7C6C22B}.Debug|Any CPU.Build.0 = Debug|Any CPU
		{C73BDCC8-677C-4EC8-97F7-2995D7C6C22B}.Debug|ARM.ActiveCfg = Debug|Any CPU
		{C73BDCC8-677C-4EC8-97F7-2995D7C6C22B}.Debug|ARM.Build.0 = Debug|Any CPU
		{C73BDCC8-677C-4EC8-97F7-2995D7C6C22B}.Debug|iPhone.ActiveCfg = Debug|Any CPU
		{C73BDCC8-677C-4EC8-97F7-2995D7C6C22B}.Debug|iPhone.Build.0 = Debug|Any CPU
		{C73BDCC8-677C-4EC8-97F7-2995D7C6C22B}.Debug|iPhoneSimulator.ActiveCfg = Debug|Any CPU
		{C73BDCC8-677C-4EC8-97F7-2995D7C6C22B}.Debug|iPhoneSimulator.Build.0 = Debug|Any CPU
		{C73BDCC8-677C-4EC8-97F7-2995D7C6C22B}.Debug|x64.ActiveCfg = Debug|Any CPU
		{C73BDCC8-677C-4EC8-97F7-2995D7C6C22B}.Debug|x64.Build.0 = Debug|Any CPU
		{C73BDCC8-677C-4EC8-97F7-2995D7C6C22B}.Debug|x86.ActiveCfg = Debug|Any CPU
		{C73BDCC8-677C-4EC8-97F7-2995D7C6C22B}.Debug|x86.Build.0 = Debug|Any CPU
		{C73BDCC8-677C-4EC8-97F7-2995D7C6C22B}.Release|Any CPU.ActiveCfg = Release|Any CPU
		{C73BDCC8-677C-4EC8-97F7-2995D7C6C22B}.Release|Any CPU.Build.0 = Release|Any CPU
		{C73BDCC8-677C-4EC8-97F7-2995D7C6C22B}.Release|ARM.ActiveCfg = Release|Any CPU
		{C73BDCC8-677C-4EC8-97F7-2995D7C6C22B}.Release|ARM.Build.0 = Release|Any CPU
		{C73BDCC8-677C-4EC8-97F7-2995D7C6C22B}.Release|iPhone.ActiveCfg = Release|Any CPU
		{C73BDCC8-677C-4EC8-97F7-2995D7C6C22B}.Release|iPhone.Build.0 = Release|Any CPU
		{C73BDCC8-677C-4EC8-97F7-2995D7C6C22B}.Release|iPhoneSimulator.ActiveCfg = Release|Any CPU
		{C73BDCC8-677C-4EC8-97F7-2995D7C6C22B}.Release|iPhoneSimulator.Build.0 = Release|Any CPU
		{C73BDCC8-677C-4EC8-97F7-2995D7C6C22B}.Release|x64.ActiveCfg = Release|Any CPU
		{C73BDCC8-677C-4EC8-97F7-2995D7C6C22B}.Release|x64.Build.0 = Release|Any CPU
		{C73BDCC8-677C-4EC8-97F7-2995D7C6C22B}.Release|x86.ActiveCfg = Release|Any CPU
		{C73BDCC8-677C-4EC8-97F7-2995D7C6C22B}.Release|x86.Build.0 = Release|Any CPU
		{A146B702-6A7C-4E22-A050-3288AC6509D6}.Debug|Any CPU.ActiveCfg = Debug|iPhoneSimulator
		{A146B702-6A7C-4E22-A050-3288AC6509D6}.Debug|Any CPU.Build.0 = Debug|iPhoneSimulator
		{A146B702-6A7C-4E22-A050-3288AC6509D6}.Debug|ARM.ActiveCfg = Debug|iPhoneSimulator
		{A146B702-6A7C-4E22-A050-3288AC6509D6}.Debug|ARM.Build.0 = Debug|iPhoneSimulator
		{A146B702-6A7C-4E22-A050-3288AC6509D6}.Debug|iPhone.ActiveCfg = Debug|iPhone
		{A146B702-6A7C-4E22-A050-3288AC6509D6}.Debug|iPhone.Build.0 = Debug|iPhone
		{A146B702-6A7C-4E22-A050-3288AC6509D6}.Debug|iPhoneSimulator.ActiveCfg = Debug|iPhoneSimulator
		{A146B702-6A7C-4E22-A050-3288AC6509D6}.Debug|iPhoneSimulator.Build.0 = Debug|iPhoneSimulator
		{A146B702-6A7C-4E22-A050-3288AC6509D6}.Debug|x64.ActiveCfg = Debug|iPhoneSimulator
		{A146B702-6A7C-4E22-A050-3288AC6509D6}.Debug|x64.Build.0 = Debug|iPhoneSimulator
		{A146B702-6A7C-4E22-A050-3288AC6509D6}.Debug|x86.ActiveCfg = Debug|iPhoneSimulator
		{A146B702-6A7C-4E22-A050-3288AC6509D6}.Debug|x86.Build.0 = Debug|iPhoneSimulator
		{A146B702-6A7C-4E22-A050-3288AC6509D6}.Release|Any CPU.ActiveCfg = Release|iPhoneSimulator
		{A146B702-6A7C-4E22-A050-3288AC6509D6}.Release|Any CPU.Build.0 = Release|iPhoneSimulator
		{A146B702-6A7C-4E22-A050-3288AC6509D6}.Release|ARM.ActiveCfg = Release|iPhoneSimulator
		{A146B702-6A7C-4E22-A050-3288AC6509D6}.Release|ARM.Build.0 = Release|iPhoneSimulator
		{A146B702-6A7C-4E22-A050-3288AC6509D6}.Release|iPhone.ActiveCfg = Release|iPhone
		{A146B702-6A7C-4E22-A050-3288AC6509D6}.Release|iPhone.Build.0 = Release|iPhone
		{A146B702-6A7C-4E22-A050-3288AC6509D6}.Release|iPhoneSimulator.ActiveCfg = Release|iPhoneSimulator
		{A146B702-6A7C-4E22-A050-3288AC6509D6}.Release|iPhoneSimulator.Build.0 = Release|iPhoneSimulator
		{A146B702-6A7C-4E22-A050-3288AC6509D6}.Release|x64.ActiveCfg = Release|iPhoneSimulator
		{A146B702-6A7C-4E22-A050-3288AC6509D6}.Release|x64.Build.0 = Release|iPhoneSimulator
		{A146B702-6A7C-4E22-A050-3288AC6509D6}.Release|x86.ActiveCfg = Release|iPhoneSimulator
		{A146B702-6A7C-4E22-A050-3288AC6509D6}.Release|x86.Build.0 = Release|iPhoneSimulator
	EndGlobalSection
	GlobalSection(SolutionProperties) = preSolution
		HideSolutionNode = FALSE
	EndGlobalSection
	GlobalSection(ExtensibilityGlobals) = postSolution
		SolutionGuid = {B744A629-A651-4FC6-9FC3-72A2F37A30F7}
	EndGlobalSection
EndGlobal
